
Microsoft Visual Studio Solution File, Format Version 12.00
# Visual Studio Version 17
VisualStudioVersion = 17.3.32728.150
MinimumVisualStudioVersion = 10.0.40219.1
Project("{2150E333-8FDC-42A3-9474-1A3956D46DE8}") = "BackEnd", "BackEnd", "{465752A1-507B-4F9A-976A-E8AFA0B4C028}"
EndProject
Project("{2150E333-8FDC-42A3-9474-1A3956D46DE8}") = "FrontEnd", "FrontEnd", "{50EDA191-BBFF-4E53-90E1-7DAFB7579123}"
EndProject
Project("{FAE04EC0-301F-11D3-BF4B-00C04F79EFBC}") = "Web", "FrontEnd\Web\Web.csproj", "{01A4727B-16E3-4281-9039-F1A35F0F9604}"
EndProject
Project("{FAE04EC0-301F-11D3-BF4B-00C04F79EFBC}") = "IAU-BackEnd", "BackEnd\IAU-BackEnd\IAU-BackEnd.csproj", "{723C71C9-8612-4527-A9A5-499E663B2E82}"
EndProject
Project("{FAE04EC0-301F-11D3-BF4B-00C04F79EFBC}") = "IAU.DTO", "BackEnd\IAU.DTO\IAU.DTO.csproj", "{24029010-8C65-467D-858F-64F862F2C4FF}"
EndProject
Project("{FAE04EC0-301F-11D3-BF4B-00C04F79EFBC}") = "AdminPanel", "FrontEnd\AdminPanel\AdminPanel.csproj", "{F9983E03-8B8C-4BC1-975B-19E7D58851F0}"
EndProject
Project("{FAE04EC0-301F-11D3-BF4B-00C04F79EFBC}") = "IAUBackEnd.Admin", "BackEnd\IAUBackEnd.Admin\IAUBackEnd.Admin.csproj", "{18BDA207-8375-4374-AF7F-055E1A2CC59A}"
EndProject
Project("{FAE04EC0-301F-11D3-BF4B-00C04F79EFBC}") = "IAUAdmin.DTO", "BackEnd\IAUAdmin.DTO\IAUAdmin.DTO.csproj", "{8C5F4F2C-B95A-4F88-8F39-B288AC42EFA5}"
EndProject
Project("{2150E333-8FDC-42A3-9474-1A3956D46DE8}") = "APIS", "APIS", "{AF50F82D-E9F3-4366-9D12-FB2BDDE2604B}"
EndProject
Project("{9A19103F-16F7-4668-BE54-9A1E7A4F7556}") = "MustafidApp", "MustafidApp\MustafidApp.csproj", "{4880A3DB-1944-46C7-8CFC-E07F6F9EEBA9}"
EndProject
Project("{9A19103F-16F7-4668-BE54-9A1E7A4F7556}") = "MustafidAppModels", "MustafidAppModels\MustafidAppModels.csproj", "{4FC1321B-A8CC-474E-9B1C-A363848EC2BF}"
EndProject
Project("{9A19103F-16F7-4668-BE54-9A1E7A4F7556}") = "MustafidAppDTO", "MustafidAppDTO\MustafidAppDTO.csproj", "{098D08A3-0D84-4AEC-BFB2-B11C1F250700}"
EndProject
Project("{FAE04EC0-301F-11D3-BF4B-00C04F79EFBC}") = "IAU.Shared", "BackEnd\IAU.Shared\IAU.Shared.csproj", "{67904513-33B1-4413-9878-026F340ED423}"
EndProject
Global
	GlobalSection(SolutionConfigurationPlatforms) = preSolution
		Debug|Any CPU = Debug|Any CPU
		Release|Any CPU = Release|Any CPU
	EndGlobalSection
	GlobalSection(ProjectConfigurationPlatforms) = postSolution
		{01A4727B-16E3-4281-9039-F1A35F0F9604}.Debug|Any CPU.ActiveCfg = Debug|Any CPU
		{01A4727B-16E3-4281-9039-F1A35F0F9604}.Debug|Any CPU.Build.0 = Debug|Any CPU
		{01A4727B-16E3-4281-9039-F1A35F0F9604}.Release|Any CPU.ActiveCfg = Release|Any CPU
		{01A4727B-16E3-4281-9039-F1A35F0F9604}.Release|Any CPU.Build.0 = Release|Any CPU
		{723C71C9-8612-4527-A9A5-499E663B2E82}.Debug|Any CPU.ActiveCfg = Debug|Any CPU
		{723C71C9-8612-4527-A9A5-499E663B2E82}.Debug|Any CPU.Build.0 = Debug|Any CPU
		{723C71C9-8612-4527-A9A5-499E663B2E82}.Release|Any CPU.ActiveCfg = Release|Any CPU
		{723C71C9-8612-4527-A9A5-499E663B2E82}.Release|Any CPU.Build.0 = Release|Any CPU
		{24029010-8C65-467D-858F-64F862F2C4FF}.Debug|Any CPU.ActiveCfg = Debug|Any CPU
		{24029010-8C65-467D-858F-64F862F2C4FF}.Debug|Any CPU.Build.0 = Debug|Any CPU
		{24029010-8C65-467D-858F-64F862F2C4FF}.Release|Any CPU.ActiveCfg = Release|Any CPU
		{24029010-8C65-467D-858F-64F862F2C4FF}.Release|Any CPU.Build.0 = Release|Any CPU
		{F9983E03-8B8C-4BC1-975B-19E7D58851F0}.Debug|Any CPU.ActiveCfg = Debug|Any CPU
		{F9983E03-8B8C-4BC1-975B-19E7D58851F0}.Debug|Any CPU.Build.0 = Debug|Any CPU
		{F9983E03-8B8C-4BC1-975B-19E7D58851F0}.Release|Any CPU.ActiveCfg = Release|Any CPU
		{F9983E03-8B8C-4BC1-975B-19E7D58851F0}.Release|Any CPU.Build.0 = Release|Any CPU
		{18BDA207-8375-4374-AF7F-055E1A2CC59A}.Debug|Any CPU.ActiveCfg = Debug|Any CPU
		{18BDA207-8375-4374-AF7F-055E1A2CC59A}.Debug|Any CPU.Build.0 = Debug|Any CPU
		{18BDA207-8375-4374-AF7F-055E1A2CC59A}.Release|Any CPU.ActiveCfg = Release|Any CPU
		{18BDA207-8375-4374-AF7F-055E1A2CC59A}.Release|Any CPU.Build.0 = Release|Any CPU
		{8C5F4F2C-B95A-4F88-8F39-B288AC42EFA5}.Debug|Any CPU.ActiveCfg = Debug|Any CPU
		{8C5F4F2C-B95A-4F88-8F39-B288AC42EFA5}.Debug|Any CPU.Build.0 = Debug|Any CPU
		{8C5F4F2C-B95A-4F88-8F39-B288AC42EFA5}.Release|Any CPU.ActiveCfg = Release|Any CPU
		{8C5F4F2C-B95A-4F88-8F39-B288AC42EFA5}.Release|Any CPU.Build.0 = Release|Any CPU
		{4880A3DB-1944-46C7-8CFC-E07F6F9EEBA9}.Debug|Any CPU.ActiveCfg = Debug|Any CPU
		{4880A3DB-1944-46C7-8CFC-E07F6F9EEBA9}.Debug|Any CPU.Build.0 = Debug|Any CPU
		{4880A3DB-1944-46C7-8CFC-E07F6F9EEBA9}.Release|Any CPU.ActiveCfg = Release|Any CPU
		{4880A3DB-1944-46C7-8CFC-E07F6F9EEBA9}.Release|Any CPU.Build.0 = Release|Any CPU
		{4FC1321B-A8CC-474E-9B1C-A363848EC2BF}.Debug|Any CPU.ActiveCfg = Debug|Any CPU
		{4FC1321B-A8CC-474E-9B1C-A363848EC2BF}.Debug|Any CPU.Build.0 = Debug|Any CPU
		{4FC1321B-A8CC-474E-9B1C-A363848EC2BF}.Release|Any CPU.ActiveCfg = Release|Any CPU
		{4FC1321B-A8CC-474E-9B1C-A363848EC2BF}.Release|Any CPU.Build.0 = Release|Any CPU
		{098D08A3-0D84-4AEC-BFB2-B11C1F250700}.Debug|Any CPU.ActiveCfg = Debug|Any CPU
		{098D08A3-0D84-4AEC-BFB2-B11C1F250700}.Debug|Any CPU.Build.0 = Debug|Any CPU
		{098D08A3-0D84-4AEC-BFB2-B11C1F250700}.Release|Any CPU.ActiveCfg = Release|Any CPU
		{098D08A3-0D84-4AEC-BFB2-B11C1F250700}.Release|Any CPU.Build.0 = Release|Any CPU
		{67904513-33B1-4413-9878-026F340ED423}.Debug|Any CPU.ActiveCfg = Debug|Any CPU
		{67904513-33B1-4413-9878-026F340ED423}.Debug|Any CPU.Build.0 = Debug|Any CPU
		{67904513-33B1-4413-9878-026F340ED423}.Release|Any CPU.ActiveCfg = Release|Any CPU
		{67904513-33B1-4413-9878-026F340ED423}.Release|Any CPU.Build.0 = Release|Any CPU
	EndGlobalSection
	GlobalSection(SolutionProperties) = preSolution
		HideSolutionNode = FALSE
	EndGlobalSection
	GlobalSection(NestedProjects) = preSolution
		{01A4727B-16E3-4281-9039-F1A35F0F9604} = {50EDA191-BBFF-4E53-90E1-7DAFB7579123}
		{723C71C9-8612-4527-A9A5-499E663B2E82} = {465752A1-507B-4F9A-976A-E8AFA0B4C028}
		{24029010-8C65-467D-858F-64F862F2C4FF} = {465752A1-507B-4F9A-976A-E8AFA0B4C028}
		{F9983E03-8B8C-4BC1-975B-19E7D58851F0} = {50EDA191-BBFF-4E53-90E1-7DAFB7579123}
		{18BDA207-8375-4374-AF7F-055E1A2CC59A} = {465752A1-507B-4F9A-976A-E8AFA0B4C028}
		{8C5F4F2C-B95A-4F88-8F39-B288AC42EFA5} = {465752A1-507B-4F9A-976A-E8AFA0B4C028}
		{4880A3DB-1944-46C7-8CFC-E07F6F9EEBA9} = {AF50F82D-E9F3-4366-9D12-FB2BDDE2604B}
		{4FC1321B-A8CC-474E-9B1C-A363848EC2BF} = {AF50F82D-E9F3-4366-9D12-FB2BDDE2604B}
		{098D08A3-0D84-4AEC-BFB2-B11C1F250700} = {AF50F82D-E9F3-4366-9D12-FB2BDDE2604B}
		{67904513-33B1-4413-9878-026F340ED423} = {465752A1-507B-4F9A-976A-E8AFA0B4C028}
	EndGlobalSection
	GlobalSection(ExtensibilityGlobals) = postSolution
		SolutionGuid = {93045C3F-C72F-4547-8C13-A9B539A9AEDB}
	EndGlobalSection
EndGlobal
